
Microsoft Visual Studio Solution File, Format Version 12.00
# Visual Studio Version 16
VisualStudioVersion = 16.0.31019.35
MinimumVisualStudioVersion = 10.0.40219.1
Project("{FAE04EC0-301F-11D3-BF4B-00C04F79EFBC}") = "BlazorApp.UI", "BlazorApp.UI\BlazorApp.UI.csproj", "{6DD5CAEE-07E3-4923-876C-E418D4D0A247}"
EndProject
Global
	GlobalSection(SolutionConfigurationPlatforms) = preSolution
		Debug|Any CPU = Debug|Any CPU
		Release|Any CPU = Release|Any CPU
	EndGlobalSection
	GlobalSection(ProjectConfigurationPlatforms) = postSolution
		{6DD5CAEE-07E3-4923-876C-E418D4D0A247}.Debug|Any CPU.ActiveCfg = Debug|Any CPU
		{6DD5CAEE-07E3-4923-876C-E418D4D0A247}.Debug|Any CPU.Build.0 = Debug|Any CPU
		{6DD5CAEE-07E3-4923-876C-E418D4D0A247}.Release|Any CPU.ActiveCfg = Release|Any CPU
		{6DD5CAEE-07E3-4923-876C-E418D4D0A247}.Release|Any CPU.Build.0 = Release|Any CPU
	EndGlobalSection
	GlobalSection(SolutionProperties) = preSolution
		HideSolutionNode = FALSE
	EndGlobalSection
	GlobalSection(ExtensibilityGlobals) = postSolution
		SolutionGuid = {7556C2E6-944C-4370-BA6D-C6BC90BBCC1C}
	EndGlobalSection
EndGlobal
